
Microsoft Visual Studio Solution File, Format Version 12.00
# Visual Studio 14
VisualStudioVersion = 14.0.25420.1
MinimumVisualStudioVersion = 10.0.40219.1
Project("{2150E333-8FDC-42A3-9474-1A3956D46DE8}") = "FrontEnds", "FrontEnds", "{14AC906F-C0AD-4563-911C-58BB2FC2D156}"
EndProject
Project("{2150E333-8FDC-42A3-9474-1A3956D46DE8}") = "BAL", "BAL", "{02EBDC93-C63D-4CEC-ADF8-1E1F420248F6}"
EndProject
Project("{2150E333-8FDC-42A3-9474-1A3956D46DE8}") = "DAL", "DAL", "{53B494F0-0453-491F-B6E2-674812A249AB}"
EndProject
Project("{2150E333-8FDC-42A3-9474-1A3956D46DE8}") = "Commons", "Commons", "{A34E4602-636F-487A-A755-2097497B39F9}"
EndProject
Project("{2150E333-8FDC-42A3-9474-1A3956D46DE8}") = "UnitTests", "UnitTests", "{82F8CA3A-7B95-4D15-9B91-293CB2ADE0E6}"
EndProject
Project("{2150E333-8FDC-42A3-9474-1A3956D46DE8}") = ".nuget", ".nuget", "{A4C064DC-54B8-4A78-A3F5-0DC0A59F5F50}"
	ProjectSection(SolutionItems) = preProject
		.nuget\packages.config = .nuget\packages.config
	EndProjectSection
EndProject
Project("{FAE04EC0-301F-11D3-BF4B-00C04F79EFBC}") = "SampleCode.DomainServices", "SampleCode.DomainServices\SampleCode.DomainServices.csproj", "{E2A078D2-710A-4E53-A19D-924EE11297FD}"
EndProject
Project("{FAE04EC0-301F-11D3-BF4B-00C04F79EFBC}") = "SampleCode.IDomainServices", "SampleCode.IDomainServices\SampleCode.IDomainServices.csproj", "{4E2AF94D-472C-4C54-AABE-B84685466A81}"
EndProject
Project("{FAE04EC0-301F-11D3-BF4B-00C04F79EFBC}") = "SampleCode.ServiceResponse", "SampleCode.ServiceResponse\SampleCode.ServiceResponse.csproj", "{A1CE70AC-A2F8-4853-94C0-02DAA04A0A26}"
EndProject
Project("{FAE04EC0-301F-11D3-BF4B-00C04F79EFBC}") = "SampleCode.ViewModels", "SampleCode.ViewModels\SampleCode.ViewModels.csproj", "{20C2DA75-02D7-49A5-83A9-93BA4758DEBA}"
EndProject
Project("{FAE04EC0-301F-11D3-BF4B-00C04F79EFBC}") = "SampleCode.Utilities", "SampleCode.Utilities\SampleCode.Utilities.csproj", "{EA90C7A7-5E82-4985-AD8C-F1129BC28DAA}"
EndProject
Project("{FAE04EC0-301F-11D3-BF4B-00C04F79EFBC}") = "SampleCode.IRepositories", "SampleCode.IRepositories\SampleCode.IRepositories.csproj", "{BDA65569-DBC4-4694-B71A-BDB3281D99B7}"
EndProject
Project("{FAE04EC0-301F-11D3-BF4B-00C04F79EFBC}") = "SampleCode.Models", "SampleCode.Models\SampleCode.Models.csproj", "{2255AA7D-D43E-4F61-A342-BD5B2B84BC47}"
EndProject
Project("{FAE04EC0-301F-11D3-BF4B-00C04F79EFBC}") = "SampleCode.Repositories", "SampleCode.Repositories\SampleCode.Repositories.csproj", "{095253C0-29BD-43F0-94EC-32FD4B6A9873}"
EndProject
Project("{FAE04EC0-301F-11D3-BF4B-00C04F79EFBC}") = "SampleCode.Web", "SampleCode.Web\SampleCode.Web.csproj", "{196B0B3B-AFE0-4A02-8D83-59FF9A327F93}"
EndProject
Project("{FAE04EC0-301F-11D3-BF4B-00C04F79EFBC}") = "SampleCode.DomainService.Test", "SampleCode.DomainService.Test\SampleCode.DomainService.Test.csproj", "{2CE6E1AC-9022-4619-97A0-63A72F4A1534}"
EndProject
Project("{FAE04EC0-301F-11D3-BF4B-00C04F79EFBC}") = "SampleCode.IOC.Test", "SampleCode.IOC.Test\SampleCode.IOC.Test.csproj", "{F93D6967-D38F-453F-8EBC-B29D0D22F686}"
EndProject
Project("{FAE04EC0-301F-11D3-BF4B-00C04F79EFBC}") = "SampleCode.Repositories.Test", "SampleCode.Repositories.Test\SampleCode.Repositories.Test.csproj", "{4B0EDE73-CDA7-4A3B-9F2F-DEAC83321F9D}"
EndProject
Project("{FAE04EC0-301F-11D3-BF4B-00C04F79EFBC}") = "SampleCode.Web.Test", "SampleCode.Web.Test\SampleCode.Web.Test.csproj", "{E17146E3-3361-42C7-B118-47B53D019F5E}"
EndProject
Global
	GlobalSection(SolutionConfigurationPlatforms) = preSolution
		Debug|Any CPU = Debug|Any CPU
		Release|Any CPU = Release|Any CPU
	EndGlobalSection
	GlobalSection(ProjectConfigurationPlatforms) = postSolution
		{E2A078D2-710A-4E53-A19D-924EE11297FD}.Debug|Any CPU.ActiveCfg = Debug|Any CPU
		{E2A078D2-710A-4E53-A19D-924EE11297FD}.Debug|Any CPU.Build.0 = Debug|Any CPU
		{E2A078D2-710A-4E53-A19D-924EE11297FD}.Release|Any CPU.ActiveCfg = Release|Any CPU
		{E2A078D2-710A-4E53-A19D-924EE11297FD}.Release|Any CPU.Build.0 = Release|Any CPU
		{4E2AF94D-472C-4C54-AABE-B84685466A81}.Debug|Any CPU.ActiveCfg = Debug|Any CPU
		{4E2AF94D-472C-4C54-AABE-B84685466A81}.Debug|Any CPU.Build.0 = Debug|Any CPU
		{4E2AF94D-472C-4C54-AABE-B84685466A81}.Release|Any CPU.ActiveCfg = Release|Any CPU
		{4E2AF94D-472C-4C54-AABE-B84685466A81}.Release|Any CPU.Build.0 = Release|Any CPU
		{A1CE70AC-A2F8-4853-94C0-02DAA04A0A26}.Debug|Any CPU.ActiveCfg = Debug|Any CPU
		{A1CE70AC-A2F8-4853-94C0-02DAA04A0A26}.Debug|Any CPU.Build.0 = Debug|Any CPU
		{A1CE70AC-A2F8-4853-94C0-02DAA04A0A26}.Release|Any CPU.ActiveCfg = Release|Any CPU
		{A1CE70AC-A2F8-4853-94C0-02DAA04A0A26}.Release|Any CPU.Build.0 = Release|Any CPU
		{20C2DA75-02D7-49A5-83A9-93BA4758DEBA}.Debug|Any CPU.ActiveCfg = Debug|Any CPU
		{20C2DA75-02D7-49A5-83A9-93BA4758DEBA}.Debug|Any CPU.Build.0 = Debug|Any CPU
		{20C2DA75-02D7-49A5-83A9-93BA4758DEBA}.Release|Any CPU.ActiveCfg = Release|Any CPU
		{20C2DA75-02D7-49A5-83A9-93BA4758DEBA}.Release|Any CPU.Build.0 = Release|Any CPU
		{EA90C7A7-5E82-4985-AD8C-F1129BC28DAA}.Debug|Any CPU.ActiveCfg = Debug|Any CPU
		{EA90C7A7-5E82-4985-AD8C-F1129BC28DAA}.Debug|Any CPU.Build.0 = Debug|Any CPU
		{EA90C7A7-5E82-4985-AD8C-F1129BC28DAA}.Release|Any CPU.ActiveCfg = Release|Any CPU
		{EA90C7A7-5E82-4985-AD8C-F1129BC28DAA}.Release|Any CPU.Build.0 = Release|Any CPU
		{BDA65569-DBC4-4694-B71A-BDB3281D99B7}.Debug|Any CPU.ActiveCfg = Debug|Any CPU
		{BDA65569-DBC4-4694-B71A-BDB3281D99B7}.Debug|Any CPU.Build.0 = Debug|Any CPU
		{BDA65569-DBC4-4694-B71A-BDB3281D99B7}.Release|Any CPU.ActiveCfg = Release|Any CPU
		{BDA65569-DBC4-4694-B71A-BDB3281D99B7}.Release|Any CPU.Build.0 = Release|Any CPU
		{2255AA7D-D43E-4F61-A342-BD5B2B84BC47}.Debug|Any CPU.ActiveCfg = Debug|Any CPU
		{2255AA7D-D43E-4F61-A342-BD5B2B84BC47}.Debug|Any CPU.Build.0 = Debug|Any CPU
		{2255AA7D-D43E-4F61-A342-BD5B2B84BC47}.Release|Any CPU.ActiveCfg = Release|Any CPU
		{2255AA7D-D43E-4F61-A342-BD5B2B84BC47}.Release|Any CPU.Build.0 = Release|Any CPU
		{095253C0-29BD-43F0-94EC-32FD4B6A9873}.Debug|Any CPU.ActiveCfg = Debug|Any CPU
		{095253C0-29BD-43F0-94EC-32FD4B6A9873}.Debug|Any CPU.Build.0 = Debug|Any CPU
		{095253C0-29BD-43F0-94EC-32FD4B6A9873}.Release|Any CPU.ActiveCfg = Release|Any CPU
		{095253C0-29BD-43F0-94EC-32FD4B6A9873}.Release|Any CPU.Build.0 = Release|Any CPU
		{196B0B3B-AFE0-4A02-8D83-59FF9A327F93}.Debug|Any CPU.ActiveCfg = Debug|Any CPU
		{196B0B3B-AFE0-4A02-8D83-59FF9A327F93}.Debug|Any CPU.Build.0 = Debug|Any CPU
		{196B0B3B-AFE0-4A02-8D83-59FF9A327F93}.Release|Any CPU.ActiveCfg = Release|Any CPU
		{196B0B3B-AFE0-4A02-8D83-59FF9A327F93}.Release|Any CPU.Build.0 = Release|Any CPU
		{2CE6E1AC-9022-4619-97A0-63A72F4A1534}.Debug|Any CPU.ActiveCfg = Debug|Any CPU
		{2CE6E1AC-9022-4619-97A0-63A72F4A1534}.Debug|Any CPU.Build.0 = Debug|Any CPU
		{2CE6E1AC-9022-4619-97A0-63A72F4A1534}.Release|Any CPU.ActiveCfg = Release|Any CPU
		{2CE6E1AC-9022-4619-97A0-63A72F4A1534}.Release|Any CPU.Build.0 = Release|Any CPU
		{F93D6967-D38F-453F-8EBC-B29D0D22F686}.Debug|Any CPU.ActiveCfg = Debug|Any CPU
		{F93D6967-D38F-453F-8EBC-B29D0D22F686}.Debug|Any CPU.Build.0 = Debug|Any CPU
		{F93D6967-D38F-453F-8EBC-B29D0D22F686}.Release|Any CPU.ActiveCfg = Release|Any CPU
		{F93D6967-D38F-453F-8EBC-B29D0D22F686}.Release|Any CPU.Build.0 = Release|Any CPU
		{4B0EDE73-CDA7-4A3B-9F2F-DEAC83321F9D}.Debug|Any CPU.ActiveCfg = Debug|Any CPU
		{4B0EDE73-CDA7-4A3B-9F2F-DEAC83321F9D}.Debug|Any CPU.Build.0 = Debug|Any CPU
		{4B0EDE73-CDA7-4A3B-9F2F-DEAC83321F9D}.Release|Any CPU.ActiveCfg = Release|Any CPU
		{4B0EDE73-CDA7-4A3B-9F2F-DEAC83321F9D}.Release|Any CPU.Build.0 = Release|Any CPU
		{E17146E3-3361-42C7-B118-47B53D019F5E}.Debug|Any CPU.ActiveCfg = Debug|Any CPU
		{E17146E3-3361-42C7-B118-47B53D019F5E}.Debug|Any CPU.Build.0 = Debug|Any CPU
		{E17146E3-3361-42C7-B118-47B53D019F5E}.Release|Any CPU.ActiveCfg = Release|Any CPU
		{E17146E3-3361-42C7-B118-47B53D019F5E}.Release|Any CPU.Build.0 = Release|Any CPU
	EndGlobalSection
	GlobalSection(SolutionProperties) = preSolution
		HideSolutionNode = FALSE
	EndGlobalSection
	GlobalSection(NestedProjects) = preSolution
		{E2A078D2-710A-4E53-A19D-924EE11297FD} = {02EBDC93-C63D-4CEC-ADF8-1E1F420248F6}
		{4E2AF94D-472C-4C54-AABE-B84685466A81} = {02EBDC93-C63D-4CEC-ADF8-1E1F420248F6}
		{A1CE70AC-A2F8-4853-94C0-02DAA04A0A26} = {02EBDC93-C63D-4CEC-ADF8-1E1F420248F6}
		{20C2DA75-02D7-49A5-83A9-93BA4758DEBA} = {02EBDC93-C63D-4CEC-ADF8-1E1F420248F6}
		{EA90C7A7-5E82-4985-AD8C-F1129BC28DAA} = {A34E4602-636F-487A-A755-2097497B39F9}
		{BDA65569-DBC4-4694-B71A-BDB3281D99B7} = {53B494F0-0453-491F-B6E2-674812A249AB}
		{2255AA7D-D43E-4F61-A342-BD5B2B84BC47} = {53B494F0-0453-491F-B6E2-674812A249AB}
		{095253C0-29BD-43F0-94EC-32FD4B6A9873} = {53B494F0-0453-491F-B6E2-674812A249AB}
		{196B0B3B-AFE0-4A02-8D83-59FF9A327F93} = {14AC906F-C0AD-4563-911C-58BB2FC2D156}
		{2CE6E1AC-9022-4619-97A0-63A72F4A1534} = {82F8CA3A-7B95-4D15-9B91-293CB2ADE0E6}
		{F93D6967-D38F-453F-8EBC-B29D0D22F686} = {82F8CA3A-7B95-4D15-9B91-293CB2ADE0E6}
		{4B0EDE73-CDA7-4A3B-9F2F-DEAC83321F9D} = {82F8CA3A-7B95-4D15-9B91-293CB2ADE0E6}
		{E17146E3-3361-42C7-B118-47B53D019F5E} = {82F8CA3A-7B95-4D15-9B91-293CB2ADE0E6}
	EndGlobalSection
EndGlobal
